prepare:
  cmd: python src/prepare.py
  deps:
  - path: data/raw
    md5: a8a5252d9b14ab2c1be283822a86981a.dir
  - path: src/prepare.py
    md5: ef804f358e00edcfe52c865b471f8f55
  outs:
  - path: data/prepared/test.csv
    md5: 0cf47bf597d1891e3d64b675041aba71
  - path: data/prepared/train.csv
    md5: 777fff3da6fd7b10d63a731a526d0693
train:
  cmd: python src/train.py
  deps:
  - path: data/prepared/train.csv
    md5: 777fff3da6fd7b10d63a731a526d0693
  - path: src/train.py
    md5: b6cf709c5a4fbf9d9152a85546f08c1e
  outs:
  - path: model/model.joblib
    md5: 161bdc0f85c742b588a84b5fcfd51575
evaluate:
  cmd: python src/evaluate.py
  deps:
  - path: model/model.joblib
    md5: 161bdc0f85c742b588a84b5fcfd51575
  - path: src/evaluate.py
    md5: b197277667d6269271fff4ae4af8a941
  outs:
  - path: metrics/accuracy.json
    md5: 0cd794424501514dd090fcc82fa16064
